
Microsoft Visual Studio Solution File, Format Version 11.00
# Visual Studio 2010
Project("{8BC9CEB8-8B4A-11D0-8D11-00A0C91BC942}") = "3d", "3d.vcxproj", "{67D572D7-4C8A-4E4D-A63D-A858FB9412CD}"
EndProject
Project("{8BC9CEB8-8B4A-11D0-8D11-00A0C91BC942}") = "3d_multi", "3d_multi.vcxproj", "{5A1D7F45-7559-4CD8-B77C-36F7277AD0B4}"
EndProject
Project("{8BC9CEB8-8B4A-11D0-8D11-00A0C91BC942}") = "event_parameter", "event_parameter.vcxproj", "{2042F392-1511-4645-91A8-3299AD1769F4}"
EndProject
Project("{8BC9CEB8-8B4A-11D0-8D11-00A0C91BC942}") = "load_banks", "load_banks.vcxproj", "{31478371-6DE3-4BAF-9188-D545818B94F9}"
EndProject
Project("{8BC9CEB8-8B4A-11D0-8D11-00A0C91BC942}") = "music_callbacks", "music_callbacks.vcxproj", "{3E586DC1-C489-44ED-A021-5061332D06AF}"
EndProject
Project("{8BC9CEB8-8B4A-11D0-8D11-00A0C91BC942}") = "objectpan", "objectpan.vcxproj", "{8946A5C4-DD32-43D0-9F80-C6CF34DF6EDB}"
EndProject
Project("{8BC9CEB8-8B4A-11D0-8D11-00A0C91BC942}") = "programmer_sound", "programmer_sound.vcxproj", "{C4B25B45-67FA-4B12-910F-D17939AF7F59}"
EndProject
Project("{8BC9CEB8-8B4A-11D0-8D11-00A0C91BC942}") = "recording_playback", "recording_playback.vcxproj", "{1E5B7D82-355B-433A-8B78-D257D3589585}"
EndProject
Project("{8BC9CEB8-8B4A-11D0-8D11-00A0C91BC942}") = "simple_event", "simple_event.vcxproj", "{45EB7089-42D2-4C12-88F5-CC1CC2988243}"
EndProject
Global
	GlobalSection(SolutionConfigurationPlatforms) = preSolution
		Debug|Win32 = Debug|Win32
		Debug|x64 = Debug|x64
		Release|Win32 = Release|Win32
		Release|x64 = Release|x64
	EndGlobalSection
	GlobalSection(ProjectConfigurationPlatforms) = postSolution
		{67D572D7-4C8A-4E4D-A63D-A858FB9412CD}.Debug|Win32.ActiveCfg = Debug|Win32
		{67D572D7-4C8A-4E4D-A63D-A858FB9412CD}.Debug|Win32.Build.0 = Debug|Win32
		{67D572D7-4C8A-4E4D-A63D-A858FB9412CD}.Debug|Win32.Deploy.0 = Debug|Win32
		{67D572D7-4C8A-4E4D-A63D-A858FB9412CD}.Debug|x64.ActiveCfg = Debug|x64
		{67D572D7-4C8A-4E4D-A63D-A858FB9412CD}.Debug|x64.Build.0 = Debug|x64
		{67D572D7-4C8A-4E4D-A63D-A858FB9412CD}.Debug|x64.Deploy.0 = Debug|x64
		{67D572D7-4C8A-4E4D-A63D-A858FB9412CD}.Release|Win32.ActiveCfg = Release|Win32
		{67D572D7-4C8A-4E4D-A63D-A858FB9412CD}.Release|Win32.Build.0 = Release|Win32
		{67D572D7-4C8A-4E4D-A63D-A858FB9412CD}.Release|Win32.Deploy.0 = Release|Win32
		{67D572D7-4C8A-4E4D-A63D-A858FB9412CD}.Release|x64.ActiveCfg = Release|x64
		{67D572D7-4C8A-4E4D-A63D-A858FB9412CD}.Release|x64.Build.0 = Release|x64
		{67D572D7-4C8A-4E4D-A63D-A858FB9412CD}.Release|x64.Deploy.0 = Release|x64
		{5A1D7F45-7559-4CD8-B77C-36F7277AD0B4}.Debug|Win32.ActiveCfg = Debug|Win32
		{5A1D7F45-7559-4CD8-B77C-36F7277AD0B4}.Debug|Win32.Build.0 = Debug|Win32
		{5A1D7F45-7559-4CD8-B77C-36F7277AD0B4}.Debug|Win32.Deploy.0 = Debug|Win32
		{5A1D7F45-7559-4CD8-B77C-36F7277AD0B4}.Debug|x64.ActiveCfg = Debug|x64
		{5A1D7F45-7559-4CD8-B77C-36F7277AD0B4}.Debug|x64.Build.0 = Debug|x64
		{5A1D7F45-7559-4CD8-B77C-36F7277AD0B4}.Debug|x64.Deploy.0 = Debug|x64
		{5A1D7F45-7559-4CD8-B77C-36F7277AD0B4}.Release|Win32.ActiveCfg = Release|Win32
		{5A1D7F45-7559-4CD8-B77C-36F7277AD0B4}.Release|Win32.Build.0 = Release|Win32
		{5A1D7F45-7559-4CD8-B77C-36F7277AD0B4}.Release|Win32.Deploy.0 = Release|Win32
		{5A1D7F45-7559-4CD8-B77C-36F7277AD0B4}.Release|x64.ActiveCfg = Release|x64
		{5A1D7F45-7559-4CD8-B77C-36F7277AD0B4}.Release|x64.Build.0 = Release|x64
		{5A1D7F45-7559-4CD8-B77C-36F7277AD0B4}.Release|x64.Deploy.0 = Release|x64
		{2042F392-1511-4645-91A8-3299AD1769F4}.Debug|Win32.ActiveCfg = Debug|Win32
		{2042F392-1511-4645-91A8-3299AD1769F4}.Debug|Win32.Build.0 = Debug|Win32
		{2042F392-1511-4645-91A8-3299AD1769F4}.Debug|Win32.Deploy.0 = Debug|Win32
		{2042F392-1511-4645-91A8-3299AD1769F4}.Debug|x64.ActiveCfg = Debug|x64
		{2042F392-1511-4645-91A8-3299AD1769F4}.Debug|x64.Build.0 = Debug|x64
		{2042F392-1511-4645-91A8-3299AD1769F4}.Debug|x64.Deploy.0 = Debug|x64
		{2042F392-1511-4645-91A8-3299AD1769F4}.Release|Win32.ActiveCfg = Release|Win32
		{2042F392-1511-4645-91A8-3299AD1769F4}.Release|Win32.Build.0 = Release|Win32
		{2042F392-1511-4645-91A8-3299AD1769F4}.Release|Win32.Deploy.0 = Release|Win32
		{2042F392-1511-4645-91A8-3299AD1769F4}.Release|x64.ActiveCfg = Release|x64
		{2042F392-1511-4645-91A8-3299AD1769F4}.Release|x64.Build.0 = Release|x64
		{2042F392-1511-4645-91A8-3299AD1769F4}.Release|x64.Deploy.0 = Release|x64
		{31478371-6DE3-4BAF-9188-D545818B94F9}.Debug|Win32.ActiveCfg = Debug|Win32
		{31478371-6DE3-4BAF-9188-D545818B94F9}.Debug|Win32.Build.0 = Debug|Win32
		{31478371-6DE3-4BAF-9188-D545818B94F9}.Debug|Win32.Deploy.0 = Debug|Win32
		{31478371-6DE3-4BAF-9188-D545818B94F9}.Debug|x64.ActiveCfg = Debug|x64
		{31478371-6DE3-4BAF-9188-D545818B94F9}.Debug|x64.Build.0 = Debug|x64
		{31478371-6DE3-4BAF-9188-D545818B94F9}.Debug|x64.Deploy.0 = Debug|x64
		{31478371-6DE3-4BAF-9188-D545818B94F9}.Release|Win32.ActiveCfg = Release|Win32
		{31478371-6DE3-4BAF-9188-D545818B94F9}.Release|Win32.Build.0 = Release|Win32
		{31478371-6DE3-4BAF-9188-D545818B94F9}.Release|Win32.Deploy.0 = Release|Win32
		{31478371-6DE3-4BAF-9188-D545818B94F9}.Release|x64.ActiveCfg = Release|x64
		{31478371-6DE3-4BAF-9188-D545818B94F9}.Release|x64.Build.0 = Release|x64
		{31478371-6DE3-4BAF-9188-D545818B94F9}.Release|x64.Deploy.0 = Release|x64
		{3E586DC1-C489-44ED-A021-5061332D06AF}.Debug|Win32.ActiveCfg = Debug|Win32
		{3E586DC1-C489-44ED-A021-5061332D06AF}.Debug|Win32.Build.0 = Debug|Win32
		{3E586DC1-C489-44ED-A021-5061332D06AF}.Debug|Win32.Deploy.0 = Debug|Win32
		{3E586DC1-C489-44ED-A021-5061332D06AF}.Debug|x64.ActiveCfg = Debug|x64
		{3E586DC1-C489-44ED-A021-5061332D06AF}.Debug|x64.Build.0 = Debug|x64
		{3E586DC1-C489-44ED-A021-5061332D06AF}.Debug|x64.Deploy.0 = Debug|x64
		{3E586DC1-C489-44ED-A021-5061332D06AF}.Release|Win32.ActiveCfg = Release|Win32
		{3E586DC1-C489-44ED-A021-5061332D06AF}.Release|Win32.Build.0 = Release|Win32
		{3E586DC1-C489-44ED-A021-5061332D06AF}.Release|Win32.Deploy.0 = Release|Win32
		{3E586DC1-C489-44ED-A021-5061332D06AF}.Release|x64.ActiveCfg = Release|x64
		{3E586DC1-C489-44ED-A021-5061332D06AF}.Release|x64.Build.0 = Release|x64
		{3E586DC1-C489-44ED-A021-5061332D06AF}.Release|x64.Deploy.0 = Release|x64
		{8946A5C4-DD32-43D0-9F80-C6CF34DF6EDB}.Debug|Win32.ActiveCfg = Debug|Win32
		{8946A5C4-DD32-43D0-9F80-C6CF34DF6EDB}.Debug|Win32.Build.0 = Debug|Win32
		{8946A5C4-DD32-43D0-9F80-C6CF34DF6EDB}.Debug|Win32.Deploy.0 = Debug|Win32
		{8946A5C4-DD32-43D0-9F80-C6CF34DF6EDB}.Debug|x64.ActiveCfg = Debug|x64
		{8946A5C4-DD32-43D0-9F80-C6CF34DF6EDB}.Debug|x64.Build.0 = Debug|x64
		{8946A5C4-DD32-43D0-9F80-C6CF34DF6EDB}.Debug|x64.Deploy.0 = Debug|x64
		{8946A5C4-DD32-43D0-9F80-C6CF34DF6EDB}.Release|Win32.ActiveCfg = Release|Win32
		{8946A5C4-DD32-43D0-9F80-C6CF34DF6EDB}.Release|Win32.Build.0 = Release|Win32
		{8946A5C4-DD32-43D0-9F80-C6CF34DF6EDB}.Release|Win32.Deploy.0 = Release|Win32
		{8946A5C4-DD32-43D0-9F80-C6CF34DF6EDB}.Release|x64.ActiveCfg = Release|x64
		{8946A5C4-DD32-43D0-9F80-C6CF34DF6EDB}.Release|x64.Build.0 = Release|x64
		{8946A5C4-DD32-43D0-9F80-C6CF34DF6EDB}.Release|x64.Deploy.0 = Release|x64
		{C4B25B45-67FA-4B12-910F-D17939AF7F59}.Debug|Win32.ActiveCfg = Debug|Win32
		{C4B25B45-67FA-4B12-910F-D17939AF7F59}.Debug|Win32.Build.0 = Debug|Win32
		{C4B25B45-67FA-4B12-910F-D17939AF7F59}.Debug|Win32.Deploy.0 = Debug|Win32
		{C4B25B45-67FA-4B12-910F-D17939AF7F59}.Debug|x64.ActiveCfg = Debug|x64
		{C4B25B45-67FA-4B12-910F-D17939AF7F59}.Debug|x64.Build.0 = Debug|x64
		{C4B25B45-67FA-4B12-910F-D17939AF7F59}.Debug|x64.Deploy.0 = Debug|x64
		{C4B25B45-67FA-4B12-910F-D17939AF7F59}.Release|Win32.ActiveCfg = Release|Win32
		{C4B25B45-67FA-4B12-910F-D17939AF7F59}.Release|Win32.Build.0 = Release|Win32
		{C4B25B45-67FA-4B12-910F-D17939AF7F59}.Release|Win32.Deploy.0 = Release|Win32
		{C4B25B45-67FA-4B12-910F-D17939AF7F59}.Release|x64.ActiveCfg = Release|x64
		{C4B25B45-67FA-4B12-910F-D17939AF7F59}.Release|x64.Build.0 = Release|x64
		{C4B25B45-67FA-4B12-910F-D17939AF7F59}.Release|x64.Deploy.0 = Release|x64
		{1E5B7D82-355B-433A-8B78-D257D3589585}.Debug|Win32.ActiveCfg = Debug|Win32
		{1E5B7D82-355B-433A-8B78-D257D3589585}.Debug|Win32.Build.0 = Debug|Win32
		{1E5B7D82-355B-433A-8B78-D257D3589585}.Debug|Win32.Deploy.0 = Debug|Win32
		{1E5B7D82-355B-433A-8B78-D257D3589585}.Debug|x64.ActiveCfg = Debug|x64
		{1E5B7D82-355B-433A-8B78-D257D3589585}.Debug|x64.Build.0 = Debug|x64
		{1E5B7D82-355B-433A-8B78-D257D3589585}.Debug|x64.Deploy.0 = Debug|x64
		{1E5B7D82-355B-433A-8B78-D257D3589585}.Release|Win32.ActiveCfg = Release|Win32
		{1E5B7D82-355B-433A-8B78-D257D3589585}.Release|Win32.Build.0 = Release|Win32
		{1E5B7D82-355B-433A-8B78-D257D3589585}.Release|Win32.Deploy.0 = Release|Win32
		{1E5B7D82-355B-433A-8B78-D257D3589585}.Release|x64.ActiveCfg = Release|x64
		{1E5B7D82-355B-433A-8B78-D257D3589585}.Release|x64.Build.0 = Release|x64
		{1E5B7D82-355B-433A-8B78-D257D3589585}.Release|x64.Deploy.0 = Release|x64
		{45EB7089-42D2-4C12-88F5-CC1CC2988243}.Debug|Win32.ActiveCfg = Debug|Win32
		{45EB7089-42D2-4C12-88F5-CC1CC2988243}.Debug|Win32.Build.0 = Debug|Win32
		{45EB7089-42D2-4C12-88F5-CC1CC2988243}.Debug|Win32.Deploy.0 = Debug|Win32
		{45EB7089-42D2-4C12-88F5-CC1CC2988243}.Debug|x64.ActiveCfg = Debug|x64
		{45EB7089-42D2-4C12-88F5-CC1CC2988243}.Debug|x64.Build.0 = Debug|x64
		{45EB7089-42D2-4C12-88F5-CC1CC2988243}.Debug|x64.Deploy.0 = Debug|x64
		{45EB7089-42D2-4C12-88F5-CC1CC2988243}.Release|Win32.ActiveCfg = Release|Win32
		{45EB7089-42D2-4C12-88F5-CC1CC2988243}.Release|Win32.Build.0 = Release|Win32
		{45EB7089-42D2-4C12-88F5-CC1CC2988243}.Release|Win32.Deploy.0 = Release|Win32
		{45EB7089-42D2-4C12-88F5-CC1CC2988243}.Release|x64.ActiveCfg = Release|x64
		{45EB7089-42D2-4C12-88F5-CC1CC2988243}.Release|x64.Build.0 = Release|x64
		{45EB7089-42D2-4C12-88F5-CC1CC2988243}.Release|x64.Deploy.0 = Release|x64
	EndGlobalSection
	GlobalSection(SolutionProperties) = preSolution
		HideSolutionNode = FALSE
	EndGlobalSection
EndGlobal
