
Microsoft Visual Studio Solution File, Format Version 11.00
# Visual Studio 2012
Project("{8BC9CEB8-8B4A-11D0-8D11-00A0C91BC942}") = "3d", "3d.vcxproj", "{D77D8031-10BE-4177-8F2B-D5224FAFE4FD}"
EndProject
Project("{8BC9CEB8-8B4A-11D0-8D11-00A0C91BC942}") = "asyncio", "asyncio.vcxproj", "{04A16F64-AB99-43C7-9852-41E332137364}"
EndProject
Project("{8BC9CEB8-8B4A-11D0-8D11-00A0C91BC942}") = "channel_groups", "channel_groups.vcxproj", "{9EC11376-F977-47A7-9EE6-940EFF99A0EB}"
EndProject
Project("{8BC9CEB8-8B4A-11D0-8D11-00A0C91BC942}") = "convolution_reverb", "convolution_reverb.vcxproj", "{AF029E41-A513-449D-A4D3-573713CA07F1}"
EndProject
Project("{8BC9CEB8-8B4A-11D0-8D11-00A0C91BC942}") = "dsp_custom", "dsp_custom.vcxproj", "{C5F43161-33CC-4117-A818-1FBF7707A952}"
EndProject
Project("{8BC9CEB8-8B4A-11D0-8D11-00A0C91BC942}") = "dsp_effect_per_speaker", "dsp_effect_per_speaker.vcxproj", "{67DD771E-F599-4A00-B10C-C5AD7D04A6AF}"
EndProject
Project("{8BC9CEB8-8B4A-11D0-8D11-00A0C91BC942}") = "dsp_inspector", "dsp_inspector.vcxproj", "{849843BD-8E7D-43BA-B4CF-22A72E236429}"
EndProject
Project("{8BC9CEB8-8B4A-11D0-8D11-00A0C91BC942}") = "effects", "effects.vcxproj", "{1166C661-685C-44AF-A238-7FC6E45686CC}"
EndProject
Project("{8BC9CEB8-8B4A-11D0-8D11-00A0C91BC942}") = "gapless_playback", "gapless_playback.vcxproj", "{42B7B45A-696B-4B1E-A32E-A804EFAA82FC}"
EndProject
Project("{8BC9CEB8-8B4A-11D0-8D11-00A0C91BC942}") = "generate_tone", "generate_tone.vcxproj", "{6561B195-5FF1-4C6D-BE4B-5EE5B4EE1D19}"
EndProject
Project("{8BC9CEB8-8B4A-11D0-8D11-00A0C91BC942}") = "granular_synth", "granular_synth.vcxproj", "{5D8520B8-B761-4309-8F32-B44CA9503D12}"
EndProject
Project("{8BC9CEB8-8B4A-11D0-8D11-00A0C91BC942}") = "load_from_memory", "load_from_memory.vcxproj", "{D07EA619-B531-4739-9754-0E640BD0760A}"
EndProject
Project("{8BC9CEB8-8B4A-11D0-8D11-00A0C91BC942}") = "multiple_speaker", "multiple_speaker.vcxproj", "{95A495F7-9F9A-44F0-A026-29E1ED1FAD9D}"
EndProject
Project("{8BC9CEB8-8B4A-11D0-8D11-00A0C91BC942}") = "multiple_system", "multiple_system.vcxproj", "{A64D8D50-78B0-4909-B005-A3534195269A}"
EndProject
Project("{8BC9CEB8-8B4A-11D0-8D11-00A0C91BC942}") = "net_stream", "net_stream.vcxproj", "{757E1CB8-2159-453F-9CBA-C3D059F17966}"
EndProject
Project("{8BC9CEB8-8B4A-11D0-8D11-00A0C91BC942}") = "play_sound", "play_sound.vcxproj", "{9A163181-35D6-4358-A3A4-A3AD77235770}"
EndProject
Project("{8BC9CEB8-8B4A-11D0-8D11-00A0C91BC942}") = "play_stream", "play_stream.vcxproj", "{C5ABFADE-056E-452A-A9CA-536437E028BF}"
EndProject
Project("{8BC9CEB8-8B4A-11D0-8D11-00A0C91BC942}") = "record", "record.vcxproj", "{E427D485-B7CD-4B72-8AB9-A09D6DD34001}"
EndProject
Project("{8BC9CEB8-8B4A-11D0-8D11-00A0C91BC942}") = "record_enumeration", "record_enumeration.vcxproj", "{5F7FE706-6EDC-4CF2-964F-0A618A3D4FAA}"
EndProject
Project("{8BC9CEB8-8B4A-11D0-8D11-00A0C91BC942}") = "user_created_sound", "user_created_sound.vcxproj", "{83ACC4BD-4473-4A21-AC37-48934118E50F}"
EndProject
Project("{8BC9CEB8-8B4A-11D0-8D11-00A0C91BC942}") = "fmod_codec_raw", "fmod_codec_raw.vcxproj", "{1F56F620-EC08-417B-B42A-F4FFDC66DCB8}"
EndProject
Project("{8BC9CEB8-8B4A-11D0-8D11-00A0C91BC942}") = "fmod_distance_filter", "fmod_distance_filter.vcxproj", "{431665BF-97D7-48C1-A02A-6A5BA0E051B0}"
EndProject
Project("{8BC9CEB8-8B4A-11D0-8D11-00A0C91BC942}") = "fmod_gain", "fmod_gain.vcxproj", "{92172425-A5B3-4D3B-803D-20563104C5BC}"
EndProject
Project("{8BC9CEB8-8B4A-11D0-8D11-00A0C91BC942}") = "fmod_noise", "fmod_noise.vcxproj", "{3CDC1EB1-CCD4-4B36-9BB3-DA97DD3EF879}"
EndProject
Project("{8BC9CEB8-8B4A-11D0-8D11-00A0C91BC942}") = "output_mp3", "output_mp3.vcxproj", "{B6179077-6D8B-479B-9566-136EC6CCE64D}"
EndProject
Global
	GlobalSection(SolutionConfigurationPlatforms) = preSolution
		Debug|Win32 = Debug|Win32
		Debug|x64 = Debug|x64
		Release|Win32 = Release|Win32
		Release|x64 = Release|x64
	EndGlobalSection
	GlobalSection(ProjectConfigurationPlatforms) = postSolution
		{D77D8031-10BE-4177-8F2B-D5224FAFE4FD}.Debug|Win32.ActiveCfg = Debug|Win32
		{D77D8031-10BE-4177-8F2B-D5224FAFE4FD}.Debug|Win32.Build.0 = Debug|Win32
		{D77D8031-10BE-4177-8F2B-D5224FAFE4FD}.Debug|Win32.Deploy.0 = Debug|Win32
		{D77D8031-10BE-4177-8F2B-D5224FAFE4FD}.Debug|x64.ActiveCfg = Debug|x64
		{D77D8031-10BE-4177-8F2B-D5224FAFE4FD}.Debug|x64.Build.0 = Debug|x64
		{D77D8031-10BE-4177-8F2B-D5224FAFE4FD}.Debug|x64.Deploy.0 = Debug|x64
		{D77D8031-10BE-4177-8F2B-D5224FAFE4FD}.Release|Win32.ActiveCfg = Release|Win32
		{D77D8031-10BE-4177-8F2B-D5224FAFE4FD}.Release|Win32.Build.0 = Release|Win32
		{D77D8031-10BE-4177-8F2B-D5224FAFE4FD}.Release|Win32.Deploy.0 = Release|Win32
		{D77D8031-10BE-4177-8F2B-D5224FAFE4FD}.Release|x64.ActiveCfg = Release|x64
		{D77D8031-10BE-4177-8F2B-D5224FAFE4FD}.Release|x64.Build.0 = Release|x64
		{D77D8031-10BE-4177-8F2B-D5224FAFE4FD}.Release|x64.Deploy.0 = Release|x64
		{04A16F64-AB99-43C7-9852-41E332137364}.Debug|Win32.ActiveCfg = Debug|Win32
		{04A16F64-AB99-43C7-9852-41E332137364}.Debug|Win32.Build.0 = Debug|Win32
		{04A16F64-AB99-43C7-9852-41E332137364}.Debug|Win32.Deploy.0 = Debug|Win32
		{04A16F64-AB99-43C7-9852-41E332137364}.Debug|x64.ActiveCfg = Debug|x64
		{04A16F64-AB99-43C7-9852-41E332137364}.Debug|x64.Build.0 = Debug|x64
		{04A16F64-AB99-43C7-9852-41E332137364}.Debug|x64.Deploy.0 = Debug|x64
		{04A16F64-AB99-43C7-9852-41E332137364}.Release|Win32.ActiveCfg = Release|Win32
		{04A16F64-AB99-43C7-9852-41E332137364}.Release|Win32.Build.0 = Release|Win32
		{04A16F64-AB99-43C7-9852-41E332137364}.Release|Win32.Deploy.0 = Release|Win32
		{04A16F64-AB99-43C7-9852-41E332137364}.Release|x64.ActiveCfg = Release|x64
		{04A16F64-AB99-43C7-9852-41E332137364}.Release|x64.Build.0 = Release|x64
		{04A16F64-AB99-43C7-9852-41E332137364}.Release|x64.Deploy.0 = Release|x64
		{9EC11376-F977-47A7-9EE6-940EFF99A0EB}.Debug|Win32.ActiveCfg = Debug|Win32
		{9EC11376-F977-47A7-9EE6-940EFF99A0EB}.Debug|Win32.Build.0 = Debug|Win32
		{9EC11376-F977-47A7-9EE6-940EFF99A0EB}.Debug|Win32.Deploy.0 = Debug|Win32
		{9EC11376-F977-47A7-9EE6-940EFF99A0EB}.Debug|x64.ActiveCfg = Debug|x64
		{9EC11376-F977-47A7-9EE6-940EFF99A0EB}.Debug|x64.Build.0 = Debug|x64
		{9EC11376-F977-47A7-9EE6-940EFF99A0EB}.Debug|x64.Deploy.0 = Debug|x64
		{9EC11376-F977-47A7-9EE6-940EFF99A0EB}.Release|Win32.ActiveCfg = Release|Win32
		{9EC11376-F977-47A7-9EE6-940EFF99A0EB}.Release|Win32.Build.0 = Release|Win32
		{9EC11376-F977-47A7-9EE6-940EFF99A0EB}.Release|Win32.Deploy.0 = Release|Win32
		{9EC11376-F977-47A7-9EE6-940EFF99A0EB}.Release|x64.ActiveCfg = Release|x64
		{9EC11376-F977-47A7-9EE6-940EFF99A0EB}.Release|x64.Build.0 = Release|x64
		{9EC11376-F977-47A7-9EE6-940EFF99A0EB}.Release|x64.Deploy.0 = Release|x64
		{AF029E41-A513-449D-A4D3-573713CA07F1}.Debug|Win32.ActiveCfg = Debug|Win32
		{AF029E41-A513-449D-A4D3-573713CA07F1}.Debug|Win32.Build.0 = Debug|Win32
		{AF029E41-A513-449D-A4D3-573713CA07F1}.Debug|Win32.Deploy.0 = Debug|Win32
		{AF029E41-A513-449D-A4D3-573713CA07F1}.Debug|x64.ActiveCfg = Debug|x64
		{AF029E41-A513-449D-A4D3-573713CA07F1}.Debug|x64.Build.0 = Debug|x64
		{AF029E41-A513-449D-A4D3-573713CA07F1}.Debug|x64.Deploy.0 = Debug|x64
		{AF029E41-A513-449D-A4D3-573713CA07F1}.Release|Win32.ActiveCfg = Release|Win32
		{AF029E41-A513-449D-A4D3-573713CA07F1}.Release|Win32.Build.0 = Release|Win32
		{AF029E41-A513-449D-A4D3-573713CA07F1}.Release|Win32.Deploy.0 = Release|Win32
		{AF029E41-A513-449D-A4D3-573713CA07F1}.Release|x64.ActiveCfg = Release|x64
		{AF029E41-A513-449D-A4D3-573713CA07F1}.Release|x64.Build.0 = Release|x64
		{AF029E41-A513-449D-A4D3-573713CA07F1}.Release|x64.Deploy.0 = Release|x64
		{C5F43161-33CC-4117-A818-1FBF7707A952}.Debug|Win32.ActiveCfg = Debug|Win32
		{C5F43161-33CC-4117-A818-1FBF7707A952}.Debug|Win32.Build.0 = Debug|Win32
		{C5F43161-33CC-4117-A818-1FBF7707A952}.Debug|Win32.Deploy.0 = Debug|Win32
		{C5F43161-33CC-4117-A818-1FBF7707A952}.Debug|x64.ActiveCfg = Debug|x64
		{C5F43161-33CC-4117-A818-1FBF7707A952}.Debug|x64.Build.0 = Debug|x64
		{C5F43161-33CC-4117-A818-1FBF7707A952}.Debug|x64.Deploy.0 = Debug|x64
		{C5F43161-33CC-4117-A818-1FBF7707A952}.Release|Win32.ActiveCfg = Release|Win32
		{C5F43161-33CC-4117-A818-1FBF7707A952}.Release|Win32.Build.0 = Release|Win32
		{C5F43161-33CC-4117-A818-1FBF7707A952}.Release|Win32.Deploy.0 = Release|Win32
		{C5F43161-33CC-4117-A818-1FBF7707A952}.Release|x64.ActiveCfg = Release|x64
		{C5F43161-33CC-4117-A818-1FBF7707A952}.Release|x64.Build.0 = Release|x64
		{C5F43161-33CC-4117-A818-1FBF7707A952}.Release|x64.Deploy.0 = Release|x64
		{67DD771E-F599-4A00-B10C-C5AD7D04A6AF}.Debug|Win32.ActiveCfg = Debug|Win32
		{67DD771E-F599-4A00-B10C-C5AD7D04A6AF}.Debug|Win32.Build.0 = Debug|Win32
		{67DD771E-F599-4A00-B10C-C5AD7D04A6AF}.Debug|Win32.Deploy.0 = Debug|Win32
		{67DD771E-F599-4A00-B10C-C5AD7D04A6AF}.Debug|x64.ActiveCfg = Debug|x64
		{67DD771E-F599-4A00-B10C-C5AD7D04A6AF}.Debug|x64.Build.0 = Debug|x64
		{67DD771E-F599-4A00-B10C-C5AD7D04A6AF}.Debug|x64.Deploy.0 = Debug|x64
		{67DD771E-F599-4A00-B10C-C5AD7D04A6AF}.Release|Win32.ActiveCfg = Release|Win32
		{67DD771E-F599-4A00-B10C-C5AD7D04A6AF}.Release|Win32.Build.0 = Release|Win32
		{67DD771E-F599-4A00-B10C-C5AD7D04A6AF}.Release|Win32.Deploy.0 = Release|Win32
		{67DD771E-F599-4A00-B10C-C5AD7D04A6AF}.Release|x64.ActiveCfg = Release|x64
		{67DD771E-F599-4A00-B10C-C5AD7D04A6AF}.Release|x64.Build.0 = Release|x64
		{67DD771E-F599-4A00-B10C-C5AD7D04A6AF}.Release|x64.Deploy.0 = Release|x64
		{849843BD-8E7D-43BA-B4CF-22A72E236429}.Debug|Win32.ActiveCfg = Debug|Win32
		{849843BD-8E7D-43BA-B4CF-22A72E236429}.Debug|Win32.Build.0 = Debug|Win32
		{849843BD-8E7D-43BA-B4CF-22A72E236429}.Debug|Win32.Deploy.0 = Debug|Win32
		{849843BD-8E7D-43BA-B4CF-22A72E236429}.Debug|x64.ActiveCfg = Debug|x64
		{849843BD-8E7D-43BA-B4CF-22A72E236429}.Debug|x64.Build.0 = Debug|x64
		{849843BD-8E7D-43BA-B4CF-22A72E236429}.Debug|x64.Deploy.0 = Debug|x64
		{849843BD-8E7D-43BA-B4CF-22A72E236429}.Release|Win32.ActiveCfg = Release|Win32
		{849843BD-8E7D-43BA-B4CF-22A72E236429}.Release|Win32.Build.0 = Release|Win32
		{849843BD-8E7D-43BA-B4CF-22A72E236429}.Release|Win32.Deploy.0 = Release|Win32
		{849843BD-8E7D-43BA-B4CF-22A72E236429}.Release|x64.ActiveCfg = Release|x64
		{849843BD-8E7D-43BA-B4CF-22A72E236429}.Release|x64.Build.0 = Release|x64
		{849843BD-8E7D-43BA-B4CF-22A72E236429}.Release|x64.Deploy.0 = Release|x64
		{1166C661-685C-44AF-A238-7FC6E45686CC}.Debug|Win32.ActiveCfg = Debug|Win32
		{1166C661-685C-44AF-A238-7FC6E45686CC}.Debug|Win32.Build.0 = Debug|Win32
		{1166C661-685C-44AF-A238-7FC6E45686CC}.Debug|Win32.Deploy.0 = Debug|Win32
		{1166C661-685C-44AF-A238-7FC6E45686CC}.Debug|x64.ActiveCfg = Debug|x64
		{1166C661-685C-44AF-A238-7FC6E45686CC}.Debug|x64.Build.0 = Debug|x64
		{1166C661-685C-44AF-A238-7FC6E45686CC}.Debug|x64.Deploy.0 = Debug|x64
		{1166C661-685C-44AF-A238-7FC6E45686CC}.Release|Win32.ActiveCfg = Release|Win32
		{1166C661-685C-44AF-A238-7FC6E45686CC}.Release|Win32.Build.0 = Release|Win32
		{1166C661-685C-44AF-A238-7FC6E45686CC}.Release|Win32.Deploy.0 = Release|Win32
		{1166C661-685C-44AF-A238-7FC6E45686CC}.Release|x64.ActiveCfg = Release|x64
		{1166C661-685C-44AF-A238-7FC6E45686CC}.Release|x64.Build.0 = Release|x64
		{1166C661-685C-44AF-A238-7FC6E45686CC}.Release|x64.Deploy.0 = Release|x64
		{42B7B45A-696B-4B1E-A32E-A804EFAA82FC}.Debug|Win32.ActiveCfg = Debug|Win32
		{42B7B45A-696B-4B1E-A32E-A804EFAA82FC}.Debug|Win32.Build.0 = Debug|Win32
		{42B7B45A-696B-4B1E-A32E-A804EFAA82FC}.Debug|Win32.Deploy.0 = Debug|Win32
		{42B7B45A-696B-4B1E-A32E-A804EFAA82FC}.Debug|x64.ActiveCfg = Debug|x64
		{42B7B45A-696B-4B1E-A32E-A804EFAA82FC}.Debug|x64.Build.0 = Debug|x64
		{42B7B45A-696B-4B1E-A32E-A804EFAA82FC}.Debug|x64.Deploy.0 = Debug|x64
		{42B7B45A-696B-4B1E-A32E-A804EFAA82FC}.Release|Win32.ActiveCfg = Release|Win32
		{42B7B45A-696B-4B1E-A32E-A804EFAA82FC}.Release|Win32.Build.0 = Release|Win32
		{42B7B45A-696B-4B1E-A32E-A804EFAA82FC}.Release|Win32.Deploy.0 = Release|Win32
		{42B7B45A-696B-4B1E-A32E-A804EFAA82FC}.Release|x64.ActiveCfg = Release|x64
		{42B7B45A-696B-4B1E-A32E-A804EFAA82FC}.Release|x64.Build.0 = Release|x64
		{42B7B45A-696B-4B1E-A32E-A804EFAA82FC}.Release|x64.Deploy.0 = Release|x64
		{6561B195-5FF1-4C6D-BE4B-5EE5B4EE1D19}.Debug|Win32.ActiveCfg = Debug|Win32
		{6561B195-5FF1-4C6D-BE4B-5EE5B4EE1D19}.Debug|Win32.Build.0 = Debug|Win32
		{6561B195-5FF1-4C6D-BE4B-5EE5B4EE1D19}.Debug|Win32.Deploy.0 = Debug|Win32
		{6561B195-5FF1-4C6D-BE4B-5EE5B4EE1D19}.Debug|x64.ActiveCfg = Debug|x64
		{6561B195-5FF1-4C6D-BE4B-5EE5B4EE1D19}.Debug|x64.Build.0 = Debug|x64
		{6561B195-5FF1-4C6D-BE4B-5EE5B4EE1D19}.Debug|x64.Deploy.0 = Debug|x64
		{6561B195-5FF1-4C6D-BE4B-5EE5B4EE1D19}.Release|Win32.ActiveCfg = Release|Win32
		{6561B195-5FF1-4C6D-BE4B-5EE5B4EE1D19}.Release|Win32.Build.0 = Release|Win32
		{6561B195-5FF1-4C6D-BE4B-5EE5B4EE1D19}.Release|Win32.Deploy.0 = Release|Win32
		{6561B195-5FF1-4C6D-BE4B-5EE5B4EE1D19}.Release|x64.ActiveCfg = Release|x64
		{6561B195-5FF1-4C6D-BE4B-5EE5B4EE1D19}.Release|x64.Build.0 = Release|x64
		{6561B195-5FF1-4C6D-BE4B-5EE5B4EE1D19}.Release|x64.Deploy.0 = Release|x64
		{5D8520B8-B761-4309-8F32-B44CA9503D12}.Debug|Win32.ActiveCfg = Debug|Win32
		{5D8520B8-B761-4309-8F32-B44CA9503D12}.Debug|Win32.Build.0 = Debug|Win32
		{5D8520B8-B761-4309-8F32-B44CA9503D12}.Debug|Win32.Deploy.0 = Debug|Win32
		{5D8520B8-B761-4309-8F32-B44CA9503D12}.Debug|x64.ActiveCfg = Debug|x64
		{5D8520B8-B761-4309-8F32-B44CA9503D12}.Debug|x64.Build.0 = Debug|x64
		{5D8520B8-B761-4309-8F32-B44CA9503D12}.Debug|x64.Deploy.0 = Debug|x64
		{5D8520B8-B761-4309-8F32-B44CA9503D12}.Release|Win32.ActiveCfg = Release|Win32
		{5D8520B8-B761-4309-8F32-B44CA9503D12}.Release|Win32.Build.0 = Release|Win32
		{5D8520B8-B761-4309-8F32-B44CA9503D12}.Release|Win32.Deploy.0 = Release|Win32
		{5D8520B8-B761-4309-8F32-B44CA9503D12}.Release|x64.ActiveCfg = Release|x64
		{5D8520B8-B761-4309-8F32-B44CA9503D12}.Release|x64.Build.0 = Release|x64
		{5D8520B8-B761-4309-8F32-B44CA9503D12}.Release|x64.Deploy.0 = Release|x64
		{D07EA619-B531-4739-9754-0E640BD0760A}.Debug|Win32.ActiveCfg = Debug|Win32
		{D07EA619-B531-4739-9754-0E640BD0760A}.Debug|Win32.Build.0 = Debug|Win32
		{D07EA619-B531-4739-9754-0E640BD0760A}.Debug|Win32.Deploy.0 = Debug|Win32
		{D07EA619-B531-4739-9754-0E640BD0760A}.Debug|x64.ActiveCfg = Debug|x64
		{D07EA619-B531-4739-9754-0E640BD0760A}.Debug|x64.Build.0 = Debug|x64
		{D07EA619-B531-4739-9754-0E640BD0760A}.Debug|x64.Deploy.0 = Debug|x64
		{D07EA619-B531-4739-9754-0E640BD0760A}.Release|Win32.ActiveCfg = Release|Win32
		{D07EA619-B531-4739-9754-0E640BD0760A}.Release|Win32.Build.0 = Release|Win32
		{D07EA619-B531-4739-9754-0E640BD0760A}.Release|Win32.Deploy.0 = Release|Win32
		{D07EA619-B531-4739-9754-0E640BD0760A}.Release|x64.ActiveCfg = Release|x64
		{D07EA619-B531-4739-9754-0E640BD0760A}.Release|x64.Build.0 = Release|x64
		{D07EA619-B531-4739-9754-0E640BD0760A}.Release|x64.Deploy.0 = Release|x64
		{95A495F7-9F9A-44F0-A026-29E1ED1FAD9D}.Debug|Win32.ActiveCfg = Debug|Win32
		{95A495F7-9F9A-44F0-A026-29E1ED1FAD9D}.Debug|Win32.Build.0 = Debug|Win32
		{95A495F7-9F9A-44F0-A026-29E1ED1FAD9D}.Debug|Win32.Deploy.0 = Debug|Win32
		{95A495F7-9F9A-44F0-A026-29E1ED1FAD9D}.Debug|x64.ActiveCfg = Debug|x64
		{95A495F7-9F9A-44F0-A026-29E1ED1FAD9D}.Debug|x64.Build.0 = Debug|x64
		{95A495F7-9F9A-44F0-A026-29E1ED1FAD9D}.Debug|x64.Deploy.0 = Debug|x64
		{95A495F7-9F9A-44F0-A026-29E1ED1FAD9D}.Release|Win32.ActiveCfg = Release|Win32
		{95A495F7-9F9A-44F0-A026-29E1ED1FAD9D}.Release|Win32.Build.0 = Release|Win32
		{95A495F7-9F9A-44F0-A026-29E1ED1FAD9D}.Release|Win32.Deploy.0 = Release|Win32
		{95A495F7-9F9A-44F0-A026-29E1ED1FAD9D}.Release|x64.ActiveCfg = Release|x64
		{95A495F7-9F9A-44F0-A026-29E1ED1FAD9D}.Release|x64.Build.0 = Release|x64
		{95A495F7-9F9A-44F0-A026-29E1ED1FAD9D}.Release|x64.Deploy.0 = Release|x64
		{A64D8D50-78B0-4909-B005-A3534195269A}.Debug|Win32.ActiveCfg = Debug|Win32
		{A64D8D50-78B0-4909-B005-A3534195269A}.Debug|Win32.Build.0 = Debug|Win32
		{A64D8D50-78B0-4909-B005-A3534195269A}.Debug|Win32.Deploy.0 = Debug|Win32
		{A64D8D50-78B0-4909-B005-A3534195269A}.Debug|x64.ActiveCfg = Debug|x64
		{A64D8D50-78B0-4909-B005-A3534195269A}.Debug|x64.Build.0 = Debug|x64
		{A64D8D50-78B0-4909-B005-A3534195269A}.Debug|x64.Deploy.0 = Debug|x64
		{A64D8D50-78B0-4909-B005-A3534195269A}.Release|Win32.ActiveCfg = Release|Win32
		{A64D8D50-78B0-4909-B005-A3534195269A}.Release|Win32.Build.0 = Release|Win32
		{A64D8D50-78B0-4909-B005-A3534195269A}.Release|Win32.Deploy.0 = Release|Win32
		{A64D8D50-78B0-4909-B005-A3534195269A}.Release|x64.ActiveCfg = Release|x64
		{A64D8D50-78B0-4909-B005-A3534195269A}.Release|x64.Build.0 = Release|x64
		{A64D8D50-78B0-4909-B005-A3534195269A}.Release|x64.Deploy.0 = Release|x64
		{757E1CB8-2159-453F-9CBA-C3D059F17966}.Debug|Win32.ActiveCfg = Debug|Win32
		{757E1CB8-2159-453F-9CBA-C3D059F17966}.Debug|Win32.Build.0 = Debug|Win32
		{757E1CB8-2159-453F-9CBA-C3D059F17966}.Debug|Win32.Deploy.0 = Debug|Win32
		{757E1CB8-2159-453F-9CBA-C3D059F17966}.Debug|x64.ActiveCfg = Debug|x64
		{757E1CB8-2159-453F-9CBA-C3D059F17966}.Debug|x64.Build.0 = Debug|x64
		{757E1CB8-2159-453F-9CBA-C3D059F17966}.Debug|x64.Deploy.0 = Debug|x64
		{757E1CB8-2159-453F-9CBA-C3D059F17966}.Release|Win32.ActiveCfg = Release|Win32
		{757E1CB8-2159-453F-9CBA-C3D059F17966}.Release|Win32.Build.0 = Release|Win32
		{757E1CB8-2159-453F-9CBA-C3D059F17966}.Release|Win32.Deploy.0 = Release|Win32
		{757E1CB8-2159-453F-9CBA-C3D059F17966}.Release|x64.ActiveCfg = Release|x64
		{757E1CB8-2159-453F-9CBA-C3D059F17966}.Release|x64.Build.0 = Release|x64
		{757E1CB8-2159-453F-9CBA-C3D059F17966}.Release|x64.Deploy.0 = Release|x64
		{9A163181-35D6-4358-A3A4-A3AD77235770}.Debug|Win32.ActiveCfg = Debug|Win32
		{9A163181-35D6-4358-A3A4-A3AD77235770}.Debug|Win32.Build.0 = Debug|Win32
		{9A163181-35D6-4358-A3A4-A3AD77235770}.Debug|Win32.Deploy.0 = Debug|Win32
		{9A163181-35D6-4358-A3A4-A3AD77235770}.Debug|x64.ActiveCfg = Debug|x64
		{9A163181-35D6-4358-A3A4-A3AD77235770}.Debug|x64.Build.0 = Debug|x64
		{9A163181-35D6-4358-A3A4-A3AD77235770}.Debug|x64.Deploy.0 = Debug|x64
		{9A163181-35D6-4358-A3A4-A3AD77235770}.Release|Win32.ActiveCfg = Release|Win32
		{9A163181-35D6-4358-A3A4-A3AD77235770}.Release|Win32.Build.0 = Release|Win32
		{9A163181-35D6-4358-A3A4-A3AD77235770}.Release|Win32.Deploy.0 = Release|Win32
		{9A163181-35D6-4358-A3A4-A3AD77235770}.Release|x64.ActiveCfg = Release|x64
		{9A163181-35D6-4358-A3A4-A3AD77235770}.Release|x64.Build.0 = Release|x64
		{9A163181-35D6-4358-A3A4-A3AD77235770}.Release|x64.Deploy.0 = Release|x64
		{C5ABFADE-056E-452A-A9CA-536437E028BF}.Debug|Win32.ActiveCfg = Debug|Win32
		{C5ABFADE-056E-452A-A9CA-536437E028BF}.Debug|Win32.Build.0 = Debug|Win32
		{C5ABFADE-056E-452A-A9CA-536437E028BF}.Debug|Win32.Deploy.0 = Debug|Win32
		{C5ABFADE-056E-452A-A9CA-536437E028BF}.Debug|x64.ActiveCfg = Debug|x64
		{C5ABFADE-056E-452A-A9CA-536437E028BF}.Debug|x64.Build.0 = Debug|x64
		{C5ABFADE-056E-452A-A9CA-536437E028BF}.Debug|x64.Deploy.0 = Debug|x64
		{C5ABFADE-056E-452A-A9CA-536437E028BF}.Release|Win32.ActiveCfg = Release|Win32
		{C5ABFADE-056E-452A-A9CA-536437E028BF}.Release|Win32.Build.0 = Release|Win32
		{C5ABFADE-056E-452A-A9CA-536437E028BF}.Release|Win32.Deploy.0 = Release|Win32
		{C5ABFADE-056E-452A-A9CA-536437E028BF}.Release|x64.ActiveCfg = Release|x64
		{C5ABFADE-056E-452A-A9CA-536437E028BF}.Release|x64.Build.0 = Release|x64
		{C5ABFADE-056E-452A-A9CA-536437E028BF}.Release|x64.Deploy.0 = Release|x64
		{E427D485-B7CD-4B72-8AB9-A09D6DD34001}.Debug|Win32.ActiveCfg = Debug|Win32
		{E427D485-B7CD-4B72-8AB9-A09D6DD34001}.Debug|Win32.Build.0 = Debug|Win32
		{E427D485-B7CD-4B72-8AB9-A09D6DD34001}.Debug|Win32.Deploy.0 = Debug|Win32
		{E427D485-B7CD-4B72-8AB9-A09D6DD34001}.Debug|x64.ActiveCfg = Debug|x64
		{E427D485-B7CD-4B72-8AB9-A09D6DD34001}.Debug|x64.Build.0 = Debug|x64
		{E427D485-B7CD-4B72-8AB9-A09D6DD34001}.Debug|x64.Deploy.0 = Debug|x64
		{E427D485-B7CD-4B72-8AB9-A09D6DD34001}.Release|Win32.ActiveCfg = Release|Win32
		{E427D485-B7CD-4B72-8AB9-A09D6DD34001}.Release|Win32.Build.0 = Release|Win32
		{E427D485-B7CD-4B72-8AB9-A09D6DD34001}.Release|Win32.Deploy.0 = Release|Win32
		{E427D485-B7CD-4B72-8AB9-A09D6DD34001}.Release|x64.ActiveCfg = Release|x64
		{E427D485-B7CD-4B72-8AB9-A09D6DD34001}.Release|x64.Build.0 = Release|x64
		{E427D485-B7CD-4B72-8AB9-A09D6DD34001}.Release|x64.Deploy.0 = Release|x64
		{5F7FE706-6EDC-4CF2-964F-0A618A3D4FAA}.Debug|Win32.ActiveCfg = Debug|Win32
		{5F7FE706-6EDC-4CF2-964F-0A618A3D4FAA}.Debug|Win32.Build.0 = Debug|Win32
		{5F7FE706-6EDC-4CF2-964F-0A618A3D4FAA}.Debug|Win32.Deploy.0 = Debug|Win32
		{5F7FE706-6EDC-4CF2-964F-0A618A3D4FAA}.Debug|x64.ActiveCfg = Debug|x64
		{5F7FE706-6EDC-4CF2-964F-0A618A3D4FAA}.Debug|x64.Build.0 = Debug|x64
		{5F7FE706-6EDC-4CF2-964F-0A618A3D4FAA}.Debug|x64.Deploy.0 = Debug|x64
		{5F7FE706-6EDC-4CF2-964F-0A618A3D4FAA}.Release|Win32.ActiveCfg = Release|Win32
		{5F7FE706-6EDC-4CF2-964F-0A618A3D4FAA}.Release|Win32.Build.0 = Release|Win32
		{5F7FE706-6EDC-4CF2-964F-0A618A3D4FAA}.Release|Win32.Deploy.0 = Release|Win32
		{5F7FE706-6EDC-4CF2-964F-0A618A3D4FAA}.Release|x64.ActiveCfg = Release|x64
		{5F7FE706-6EDC-4CF2-964F-0A618A3D4FAA}.Release|x64.Build.0 = Release|x64
		{5F7FE706-6EDC-4CF2-964F-0A618A3D4FAA}.Release|x64.Deploy.0 = Release|x64
		{83ACC4BD-4473-4A21-AC37-48934118E50F}.Debug|Win32.ActiveCfg = Debug|Win32
		{83ACC4BD-4473-4A21-AC37-48934118E50F}.Debug|Win32.Build.0 = Debug|Win32
		{83ACC4BD-4473-4A21-AC37-48934118E50F}.Debug|Win32.Deploy.0 = Debug|Win32
		{83ACC4BD-4473-4A21-AC37-48934118E50F}.Debug|x64.ActiveCfg = Debug|x64
		{83ACC4BD-4473-4A21-AC37-48934118E50F}.Debug|x64.Build.0 = Debug|x64
		{83ACC4BD-4473-4A21-AC37-48934118E50F}.Debug|x64.Deploy.0 = Debug|x64
		{83ACC4BD-4473-4A21-AC37-48934118E50F}.Release|Win32.ActiveCfg = Release|Win32
		{83ACC4BD-4473-4A21-AC37-48934118E50F}.Release|Win32.Build.0 = Release|Win32
		{83ACC4BD-4473-4A21-AC37-48934118E50F}.Release|Win32.Deploy.0 = Release|Win32
		{83ACC4BD-4473-4A21-AC37-48934118E50F}.Release|x64.ActiveCfg = Release|x64
		{83ACC4BD-4473-4A21-AC37-48934118E50F}.Release|x64.Build.0 = Release|x64
		{83ACC4BD-4473-4A21-AC37-48934118E50F}.Release|x64.Deploy.0 = Release|x64
		{1F56F620-EC08-417B-B42A-F4FFDC66DCB8}.Debug|Win32.ActiveCfg = Debug|Win32
		{1F56F620-EC08-417B-B42A-F4FFDC66DCB8}.Debug|Win32.Build.0 = Debug|Win32
		{1F56F620-EC08-417B-B42A-F4FFDC66DCB8}.Debug|Win32.Deploy.0 = Debug|Win32
		{1F56F620-EC08-417B-B42A-F4FFDC66DCB8}.Debug|x64.ActiveCfg = Debug|x64
		{1F56F620-EC08-417B-B42A-F4FFDC66DCB8}.Debug|x64.Build.0 = Debug|x64
		{1F56F620-EC08-417B-B42A-F4FFDC66DCB8}.Debug|x64.Deploy.0 = Debug|x64
		{1F56F620-EC08-417B-B42A-F4FFDC66DCB8}.Release|Win32.ActiveCfg = Release|Win32
		{1F56F620-EC08-417B-B42A-F4FFDC66DCB8}.Release|Win32.Build.0 = Release|Win32
		{1F56F620-EC08-417B-B42A-F4FFDC66DCB8}.Release|Win32.Deploy.0 = Release|Win32
		{1F56F620-EC08-417B-B42A-F4FFDC66DCB8}.Release|x64.ActiveCfg = Release|x64
		{1F56F620-EC08-417B-B42A-F4FFDC66DCB8}.Release|x64.Build.0 = Release|x64
		{1F56F620-EC08-417B-B42A-F4FFDC66DCB8}.Release|x64.Deploy.0 = Release|x64
		{431665BF-97D7-48C1-A02A-6A5BA0E051B0}.Debug|Win32.ActiveCfg = Debug|Win32
		{431665BF-97D7-48C1-A02A-6A5BA0E051B0}.Debug|Win32.Build.0 = Debug|Win32
		{431665BF-97D7-48C1-A02A-6A5BA0E051B0}.Debug|Win32.Deploy.0 = Debug|Win32
		{431665BF-97D7-48C1-A02A-6A5BA0E051B0}.Debug|x64.ActiveCfg = Debug|x64
		{431665BF-97D7-48C1-A02A-6A5BA0E051B0}.Debug|x64.Build.0 = Debug|x64
		{431665BF-97D7-48C1-A02A-6A5BA0E051B0}.Debug|x64.Deploy.0 = Debug|x64
		{431665BF-97D7-48C1-A02A-6A5BA0E051B0}.Release|Win32.ActiveCfg = Release|Win32
		{431665BF-97D7-48C1-A02A-6A5BA0E051B0}.Release|Win32.Build.0 = Release|Win32
		{431665BF-97D7-48C1-A02A-6A5BA0E051B0}.Release|Win32.Deploy.0 = Release|Win32
		{431665BF-97D7-48C1-A02A-6A5BA0E051B0}.Release|x64.ActiveCfg = Release|x64
		{431665BF-97D7-48C1-A02A-6A5BA0E051B0}.Release|x64.Build.0 = Release|x64
		{431665BF-97D7-48C1-A02A-6A5BA0E051B0}.Release|x64.Deploy.0 = Release|x64
		{92172425-A5B3-4D3B-803D-20563104C5BC}.Debug|Win32.ActiveCfg = Debug|Win32
		{92172425-A5B3-4D3B-803D-20563104C5BC}.Debug|Win32.Build.0 = Debug|Win32
		{92172425-A5B3-4D3B-803D-20563104C5BC}.Debug|Win32.Deploy.0 = Debug|Win32
		{92172425-A5B3-4D3B-803D-20563104C5BC}.Debug|x64.ActiveCfg = Debug|x64
		{92172425-A5B3-4D3B-803D-20563104C5BC}.Debug|x64.Build.0 = Debug|x64
		{92172425-A5B3-4D3B-803D-20563104C5BC}.Debug|x64.Deploy.0 = Debug|x64
		{92172425-A5B3-4D3B-803D-20563104C5BC}.Release|Win32.ActiveCfg = Release|Win32
		{92172425-A5B3-4D3B-803D-20563104C5BC}.Release|Win32.Build.0 = Release|Win32
		{92172425-A5B3-4D3B-803D-20563104C5BC}.Release|Win32.Deploy.0 = Release|Win32
		{92172425-A5B3-4D3B-803D-20563104C5BC}.Release|x64.ActiveCfg = Release|x64
		{92172425-A5B3-4D3B-803D-20563104C5BC}.Release|x64.Build.0 = Release|x64
		{92172425-A5B3-4D3B-803D-20563104C5BC}.Release|x64.Deploy.0 = Release|x64
		{3CDC1EB1-CCD4-4B36-9BB3-DA97DD3EF879}.Debug|Win32.ActiveCfg = Debug|Win32
		{3CDC1EB1-CCD4-4B36-9BB3-DA97DD3EF879}.Debug|Win32.Build.0 = Debug|Win32
		{3CDC1EB1-CCD4-4B36-9BB3-DA97DD3EF879}.Debug|Win32.Deploy.0 = Debug|Win32
		{3CDC1EB1-CCD4-4B36-9BB3-DA97DD3EF879}.Debug|x64.ActiveCfg = Debug|x64
		{3CDC1EB1-CCD4-4B36-9BB3-DA97DD3EF879}.Debug|x64.Build.0 = Debug|x64
		{3CDC1EB1-CCD4-4B36-9BB3-DA97DD3EF879}.Debug|x64.Deploy.0 = Debug|x64
		{3CDC1EB1-CCD4-4B36-9BB3-DA97DD3EF879}.Release|Win32.ActiveCfg = Release|Win32
		{3CDC1EB1-CCD4-4B36-9BB3-DA97DD3EF879}.Release|Win32.Build.0 = Release|Win32
		{3CDC1EB1-CCD4-4B36-9BB3-DA97DD3EF879}.Release|Win32.Deploy.0 = Release|Win32
		{3CDC1EB1-CCD4-4B36-9BB3-DA97DD3EF879}.Release|x64.ActiveCfg = Release|x64
		{3CDC1EB1-CCD4-4B36-9BB3-DA97DD3EF879}.Release|x64.Build.0 = Release|x64
		{3CDC1EB1-CCD4-4B36-9BB3-DA97DD3EF879}.Release|x64.Deploy.0 = Release|x64
		{B6179077-6D8B-479B-9566-136EC6CCE64D}.Debug|Win32.ActiveCfg = Debug|Win32
		{B6179077-6D8B-479B-9566-136EC6CCE64D}.Debug|Win32.Build.0 = Debug|Win32
		{B6179077-6D8B-479B-9566-136EC6CCE64D}.Debug|Win32.Deploy.0 = Debug|Win32
		{B6179077-6D8B-479B-9566-136EC6CCE64D}.Debug|x64.ActiveCfg = Debug|x64
		{B6179077-6D8B-479B-9566-136EC6CCE64D}.Debug|x64.Build.0 = Debug|x64
		{B6179077-6D8B-479B-9566-136EC6CCE64D}.Debug|x64.Deploy.0 = Debug|x64
		{B6179077-6D8B-479B-9566-136EC6CCE64D}.Release|Win32.ActiveCfg = Release|Win32
		{B6179077-6D8B-479B-9566-136EC6CCE64D}.Release|Win32.Build.0 = Release|Win32
		{B6179077-6D8B-479B-9566-136EC6CCE64D}.Release|Win32.Deploy.0 = Release|Win32
		{B6179077-6D8B-479B-9566-136EC6CCE64D}.Release|x64.ActiveCfg = Release|x64
		{B6179077-6D8B-479B-9566-136EC6CCE64D}.Release|x64.Build.0 = Release|x64
		{B6179077-6D8B-479B-9566-136EC6CCE64D}.Release|x64.Deploy.0 = Release|x64
	EndGlobalSection
	GlobalSection(SolutionProperties) = preSolution
		HideSolutionNode = FALSE
	EndGlobalSection
EndGlobal
